
Microsoft Visual Studio Solution File, Format Version 12.00
# Visual Studio Version 17
VisualStudioVersion = 17.2.32519.379
MinimumVisualStudioVersion = 10.0.40219.1
Project("{FAE04EC0-301F-11D3-BF4B-00C04F79EFBC}") = "SereApi", "SereApi\SereApi.csproj", "{23E380CC-67C2-4C3C-9256-CE2919DB7294}"
EndProject
Global
	GlobalSection(SolutionConfigurationPlatforms) = preSolution
		Debug|Any CPU = Debug|Any CPU
		Release|Any CPU = Release|Any CPU
	EndGlobalSection
	GlobalSection(ProjectConfigurationPlatforms) = postSolution
		{23E380CC-67C2-4C3C-9256-CE2919DB7294}.Debug|Any CPU.ActiveCfg = Debug|Any CPU
		{23E380CC-67C2-4C3C-9256-CE2919DB7294}.Debug|Any CPU.Build.0 = Debug|Any CPU
		{23E380CC-67C2-4C3C-9256-CE2919DB7294}.Release|Any CPU.ActiveCfg = Release|Any CPU
		{23E380CC-67C2-4C3C-9256-CE2919DB7294}.Release|Any CPU.Build.0 = Release|Any CPU
	EndGlobalSection
	GlobalSection(SolutionProperties) = preSolution
		HideSolutionNode = FALSE
	EndGlobalSection
	GlobalSection(ExtensibilityGlobals) = postSolution
		SolutionGuid = {1BBF8B88-ED3C-4A65-83F5-E1D1FE3CBFDD}
	EndGlobalSection
EndGlobal
